# This file is automatically @generated by Cargo.
# It is not intended for manual editing.
[[package]]
name = "libm"
version = "0.2.1"
source = "registry+https://github.com/rust-lang/crates.io-index"
checksum = "c7d73b3f436185384286bd8098d17ec07c9a7d2388a6599f824d8502b529702a"

[[package]]
name = "mp_memory"
version = "0.1.0"

[[package]]
name = "practice_mod_rust"
version = "0.1.0"
dependencies = [
 "libm",
 "mp_memory",
]
